
Microsoft Visual Studio Solution File, Format Version 12.00
# Visual Studio 15
VisualStudioVersion = 15.0.28307.271
MinimumVisualStudioVersion = 10.0.40219.1
Project("{FAE04EC0-301F-11D3-BF4B-00C04F79EFBC}") = "TwitterDuyuru", "TwitterDuyuru\TwitterDuyuru.csproj", "{651EE32D-8897-4920-8033-2016E89F68EA}"
EndProject
Global
	GlobalSection(SolutionConfigurationPlatforms) = preSolution
		Debug|Any CPU = Debug|Any CPU
		Release|Any CPU = Release|Any CPU
	EndGlobalSection
	GlobalSection(ProjectConfigurationPlatforms) = postSolution
		{651EE32D-8897-4920-8033-2016E89F68EA}.Debug|Any CPU.ActiveCfg = Debug|Any CPU
		{651EE32D-8897-4920-8033-2016E89F68EA}.Debug|Any CPU.Build.0 = Debug|Any CPU
		{651EE32D-8897-4920-8033-2016E89F68EA}.Release|Any CPU.ActiveCfg = Release|Any CPU
		{651EE32D-8897-4920-8033-2016E89F68EA}.Release|Any CPU.Build.0 = Release|Any CPU
	EndGlobalSection
	GlobalSection(SolutionProperties) = preSolution
		HideSolutionNode = FALSE
	EndGlobalSection
	GlobalSection(ExtensibilityGlobals) = postSolution
		SolutionGuid = {BC4E83B2-801B-4DB3-B18C-AFF5194372E6}
	EndGlobalSection
EndGlobal
